// !$*UTF8*$!
{
	archiveVersion = 1;
	classes = {
	};
	objectVersion = 46;
	objects = {

/* Begin PBXBuildFile section */
		880863B98D36B3416BB1229B /* libPods.a in Frameworks */ = {isa = PBXBuildFile; fileRef = CEC3D01EEA4689AEBD9035E0 /* libPods.a */; };
		9CD660291B9170B50051C485 /* AppDelegate.swift in Sources */ = {isa = PBXBuildFile; fileRef = 9CD660281B9170B50051C485 /* AppDelegate.swift */; };
		9CD6602B1B9170B50051C485 /* ViewController.swift in Sources */ = {isa = PBXBuildFile; fileRef = 9CD6602A1B9170B50051C485 /* ViewController.swift */; };
		9CD6602E1B9170B50051C485 /* Main.storyboard in Resources */ = {isa = PBXBuildFile; fileRef = 9CD6602C1B9170B50051C485 /* Main.storyboard */; };
		9CD660301B9170B50051C485 /* Images.xcassets in Resources */ = {isa = PBXBuildFile; fileRef = 9CD6602F1B9170B50051C485 /* Images.xcassets */; };
		9CD660331B9170B50051C485 /* LaunchScreen.xib in Resources */ = {isa = PBXBuildFile; fileRef = 9CD660311B9170B50051C485 /* LaunchScreen.xib */; };
		9CD6603F1B9170B50051C485 /* DevelopHerHackTests.swift in Sources */ = {isa = PBXBuildFile; fileRef = 9CD6603E1B9170B50051C485 /* DevelopHerHackTests.swift */; };
		9CD660511B91730E0051C485 /* MainPageTableViewController.swift in Sources */ = {isa = PBXBuildFile; fileRef = 9CD6604F1B91730E0051C485 /* MainPageTableViewController.swift */; };
		9CD660551B91735B0051C485 /* LoginViewController.swift in Sources */ = {isa = PBXBuildFile; fileRef = 9CD660531B91735B0051C485 /* LoginViewController.swift */; };
		9CD660561B91735B0051C485 /* LoginViewController.xib in Resources */ = {isa = PBXBuildFile; fileRef = 9CD660541B91735B0051C485 /* LoginViewController.xib */; };
		9CD660591B91773E0051C485 /* PickTypeViewController.swift in Sources */ = {isa = PBXBuildFile; fileRef = 9CD660571B91773E0051C485 /* PickTypeViewController.swift */; };
		9CD6605A1B91773E0051C485 /* PickTypeViewController.xib in Resources */ = {isa = PBXBuildFile; fileRef = 9CD660581B91773E0051C485 /* PickTypeViewController.xib */; };
		9CD6605D1B917B1C0051C485 /* MainPageTableViewCell.swift in Sources */ = {isa = PBXBuildFile; fileRef = 9CD6605B1B917B1C0051C485 /* MainPageTableViewCell.swift */; };
		9CD6605E1B917B1C0051C485 /* MainPageTableViewCell.xib in Resources */ = {isa = PBXBuildFile; fileRef = 9CD6605C1B917B1C0051C485 /* MainPageTableViewCell.xib */; };
		9CD660651B91A62F0051C485 /* CreateTaskViewController.swift in Sources */ = {isa = PBXBuildFile; fileRef = 9CD660631B91A62F0051C485 /* CreateTaskViewController.swift */; };
		9CD660661B91A62F0051C485 /* CreateTaskViewController.xib in Resources */ = {isa = PBXBuildFile; fileRef = 9CD660641B91A62F0051C485 /* CreateTaskViewController.xib */; };
		9CD660691B91A6D30051C485 /* TaskViewController.swift in Sources */ = {isa = PBXBuildFile; fileRef = 9CD660671B91A6D30051C485 /* TaskViewController.swift */; };
		9CD6606A1B91A6D30051C485 /* TaskViewController.xib in Resources */ = {isa = PBXBuildFile; fileRef = 9CD660681B91A6D30051C485 /* TaskViewController.xib */; };
		9CD6606E1B91ABCB0051C485 /* CustomHeaderCell.swift in Sources */ = {isa = PBXBuildFile; fileRef = 9CD6606C1B91ABCB0051C485 /* CustomHeaderCell.swift */; };
		9CD6606F1B91ABCB0051C485 /* CustomHeaderCell.xib in Resources */ = {isa = PBXBuildFile; fileRef = 9CD6606D1B91ABCB0051C485 /* CustomHeaderCell.xib */; };
		9CD660721B91C07E0051C485 /* AvatarViewController.swift in Sources */ = {isa = PBXBuildFile; fileRef = 9CD660701B91C07E0051C485 /* AvatarViewController.swift */; };
		9CD660731B91C07E0051C485 /* AvatarViewController.xib in Resources */ = {isa = PBXBuildFile; fileRef = 9CD660711B91C07E0051C485 /* AvatarViewController.xib */; };
		9CD660781B91C12D0051C485 /* MoneyViewController.swift in Sources */ = {isa = PBXBuildFile; fileRef = 9CD660761B91C12D0051C485 /* MoneyViewController.swift */; };
		9CD660791B91C12D0051C485 /* MoneyViewController.xib in Resources */ = {isa = PBXBuildFile; fileRef = 9CD660771B91C12D0051C485 /* MoneyViewController.xib */; };
		9CD6607C1B91C13E0051C485 /* DescriptionViewController.swift in Sources */ = {isa = PBXBuildFile; fileRef = 9CD6607A1B91C13E0051C485 /* DescriptionViewController.swift */; };
		9CD6607D1B91C13E0051C485 /* DescriptionViewController.xib in Resources */ = {isa = PBXBuildFile; fileRef = 9CD6607B1B91C13E0051C485 /* DescriptionViewController.xib */; };
		9CD660801B91C14C0051C485 /* SummaryViewController.swift in Sources */ = {isa = PBXBuildFile; fileRef = 9CD6607E1B91C14C0051C485 /* SummaryViewController.swift */; };
		9CD660811B91C14C0051C485 /* SummaryViewController.xib in Resources */ = {isa = PBXBuildFile; fileRef = 9CD6607F1B91C14C0051C485 /* SummaryViewController.xib */; };
		9CD660831B9202660051C485 /* avatarsDog.png in Resources */ = {isa = PBXBuildFile; fileRef = 9CD660821B9202660051C485 /* avatarsDog.png */; };
		9CD660851B92026D0051C485 /* danaAvatar.png in Resources */ = {isa = PBXBuildFile; fileRef = 9CD660841B92026D0051C485 /* danaAvatar.png */; };
		9CD660871B9202740051C485 /* betsyAvatar.png in Resources */ = {isa = PBXBuildFile; fileRef = 9CD660861B9202740051C485 /* betsyAvatar.png */; };
		D02356331B91CA940016ED9B /* createIcon.png in Resources */ = {isa = PBXBuildFile; fileRef = D02356301B91CA940016ED9B /* createIcon.png */; };
		D02356341B91CA940016ED9B /* historyIcon.png in Resources */ = {isa = PBXBuildFile; fileRef = D02356311B91CA940016ED9B /* historyIcon.png */; };
		D02356351B91CA940016ED9B /* homeIcon.png in Resources */ = {isa = PBXBuildFile; fileRef = D02356321B91CA940016ED9B /* homeIcon.png */; };
		D02356371B91D6400016ED9B /* avatarsPenguin.png in Resources */ = {isa = PBXBuildFile; fileRef = D02356361B91D6400016ED9B /* avatarsPenguin.png */; };
		D023563F1B92019E0016ED9B /* TaskTableViewCell.swift in Sources */ = {isa = PBXBuildFile; fileRef = D023563D1B92019E0016ED9B /* TaskTableViewCell.swift */; };
		D02356401B92019E0016ED9B /* TaskTableViewCell.xib in Resources */ = {isa = PBXBuildFile; fileRef = D023563E1B92019E0016ED9B /* TaskTableViewCell.xib */; };
/* End PBXBuildFile section */

/* Begin PBXContainerItemProxy section */
		9CD660391B9170B50051C485 /* PBXContainerItemProxy */ = {
			isa = PBXContainerItemProxy;
			containerPortal = 9CD6601B1B9170B50051C485 /* Project object */;
			proxyType = 1;
			remoteGlobalIDString = 9CD660221B9170B50051C485;
			remoteInfo = DevelopHerHack;
		};
/* End PBXContainerItemProxy section */

/* Begin PBXFileReference section */
		4C2B4ECCD6021EB7CD6D506C /* Pods.release.xcconfig */ = {isa = PBXFileReference; includeInIndex = 1; lastKnownFileType = text.xcconfig; name = Pods.release.xcconfig; path = "Pods/Target Support Files/Pods/Pods.release.xcconfig"; sourceTree = "<group>"; };
		9CD660231B9170B50051C485 /* DevelopHerHack.app */ = {isa = PBXFileReference; explicitFileType = wrapper.application; includeInIndex = 0; path = DevelopHerHack.app; sourceTree = BUILT_PRODUCTS_DIR; };
		9CD660271B9170B50051C485 /* Info.plist */ = {isa = PBXFileReference; lastKnownFileType = text.plist.xml; path = Info.plist; sourceTree = "<group>"; };
		9CD660281B9170B50051C485 /* AppDelegate.swift */ = {isa = PBXFileReference; lastKnownFileType = sourcecode.swift; path = AppDelegate.swift; sourceTree = "<group>"; };
		9CD6602A1B9170B50051C485 /* ViewController.swift */ = {isa = PBXFileReference; lastKnownFileType = sourcecode.swift; path = ViewController.swift; sourceTree = "<group>"; };
		9CD6602D1B9170B50051C485 /* Base */ = {isa = PBXFileReference; lastKnownFileType = file.storyboard; name = Base; path = Base.lproj/Main.storyboard; sourceTree = "<group>"; };
		9CD6602F1B9170B50051C485 /* Images.xcassets */ = {isa = PBXFileReference; lastKnownFileType = folder.assetcatalog; path = Images.xcassets; sourceTree = "<group>"; };
		9CD660321B9170B50051C485 /* Base */ = {isa = PBXFileReference; lastKnownFileType = file.xib; name = Base; path = Base.lproj/LaunchScreen.xib; sourceTree = "<group>"; };
		9CD660381B9170B50051C485 /* DevelopHerHackTests.xctest */ = {isa = PBXFileReference; explicitFileType = wrapper.cfbundle; includeInIndex = 0; path = DevelopHerHackTests.xctest; sourceTree = BUILT_PRODUCTS_DIR; };
		9CD6603D1B9170B50051C485 /* Info.plist */ = {isa = PBXFileReference; lastKnownFileType = text.plist.xml; path = Info.plist; sourceTree = "<group>"; };
		9CD6603E1B9170B50051C485 /* DevelopHerHackTests.swift */ = {isa = PBXFileReference; lastKnownFileType = sourcecode.swift; path = DevelopHerHackTests.swift; sourceTree = "<group>"; };
		9CD660481B9171B40051C485 /* DevelopHerHack-Bridging-Header.h */ = {isa = PBXFileReference; lastKnownFileType = sourcecode.c.h; path = "DevelopHerHack-Bridging-Header.h"; sourceTree = "<group>"; };
		9CD6604F1B91730E0051C485 /* MainPageTableViewController.swift */ = {isa = PBXFileReference; fileEncoding = 4; lastKnownFileType = sourcecode.swift; path = MainPageTableViewController.swift; sourceTree = "<group>"; };
		9CD660531B91735B0051C485 /* LoginViewController.swift */ = {isa = PBXFileReference; fileEncoding = 4; lastKnownFileType = sourcecode.swift; path = LoginViewController.swift; sourceTree = "<group>"; };
		9CD660541B91735B0051C485 /* LoginViewController.xib */ = {isa = PBXFileReference; fileEncoding = 4; lastKnownFileType = file.xib; path = LoginViewController.xib; sourceTree = "<group>"; };
		9CD660571B91773E0051C485 /* PickTypeViewController.swift */ = {isa = PBXFileReference; fileEncoding = 4; lastKnownFileType = sourcecode.swift; path = PickTypeViewController.swift; sourceTree = "<group>"; };
		9CD660581B91773E0051C485 /* PickTypeViewController.xib */ = {isa = PBXFileReference; fileEncoding = 4; lastKnownFileType = file.xib; path = PickTypeViewController.xib; sourceTree = "<group>"; };
		9CD6605B1B917B1C0051C485 /* MainPageTableViewCell.swift */ = {isa = PBXFileReference; fileEncoding = 4; lastKnownFileType = sourcecode.swift; path = MainPageTableViewCell.swift; sourceTree = "<group>"; };
		9CD6605C1B917B1C0051C485 /* MainPageTableViewCell.xib */ = {isa = PBXFileReference; fileEncoding = 4; lastKnownFileType = file.xib; path = MainPageTableViewCell.xib; sourceTree = "<group>"; };
		9CD660631B91A62F0051C485 /* CreateTaskViewController.swift */ = {isa = PBXFileReference; fileEncoding = 4; lastKnownFileType = sourcecode.swift; path = CreateTaskViewController.swift; sourceTree = "<group>"; };
		9CD660641B91A62F0051C485 /* CreateTaskViewController.xib */ = {isa = PBXFileReference; fileEncoding = 4; lastKnownFileType = file.xib; path = CreateTaskViewController.xib; sourceTree = "<group>"; };
		9CD660671B91A6D30051C485 /* TaskViewController.swift */ = {isa = PBXFileReference; fileEncoding = 4; lastKnownFileType = sourcecode.swift; path = TaskViewController.swift; sourceTree = "<group>"; };
		9CD660681B91A6D30051C485 /* TaskViewController.xib */ = {isa = PBXFileReference; fileEncoding = 4; lastKnownFileType = file.xib; path = TaskViewController.xib; sourceTree = "<group>"; };
		9CD6606C1B91ABCB0051C485 /* CustomHeaderCell.swift */ = {isa = PBXFileReference; fileEncoding = 4; lastKnownFileType = sourcecode.swift; path = CustomHeaderCell.swift; sourceTree = "<group>"; };
		9CD6606D1B91ABCB0051C485 /* CustomHeaderCell.xib */ = {isa = PBXFileReference; fileEncoding = 4; lastKnownFileType = file.xib; path = CustomHeaderCell.xib; sourceTree = "<group>"; };
		9CD660701B91C07E0051C485 /* AvatarViewController.swift */ = {isa = PBXFileReference; fileEncoding = 4; lastKnownFileType = sourcecode.swift; path = AvatarViewController.swift; sourceTree = "<group>"; };
		9CD660711B91C07E0051C485 /* AvatarViewController.xib */ = {isa = PBXFileReference; fileEncoding = 4; lastKnownFileType = file.xib; path = AvatarViewController.xib; sourceTree = "<group>"; };
		9CD660761B91C12D0051C485 /* MoneyViewController.swift */ = {isa = PBXFileReference; fileEncoding = 4; lastKnownFileType = sourcecode.swift; path = MoneyViewController.swift; sourceTree = "<group>"; };
		9CD660771B91C12D0051C485 /* MoneyViewController.xib */ = {isa = PBXFileReference; fileEncoding = 4; lastKnownFileType = file.xib; path = MoneyViewController.xib; sourceTree = "<group>"; };
		9CD6607A1B91C13E0051C485 /* DescriptionViewController.swift */ = {isa = PBXFileReference; fileEncoding = 4; lastKnownFileType = sourcecode.swift; path = DescriptionViewController.swift; sourceTree = "<group>"; };
		9CD6607B1B91C13E0051C485 /* DescriptionViewController.xib */ = {isa = PBXFileReference; fileEncoding = 4; lastKnownFileType = file.xib; path = DescriptionViewController.xib; sourceTree = "<group>"; };
		9CD6607E1B91C14C0051C485 /* SummaryViewController.swift */ = {isa = PBXFileReference; fileEncoding = 4; lastKnownFileType = sourcecode.swift; path = SummaryViewController.swift; sourceTree = "<group>"; };
		9CD6607F1B91C14C0051C485 /* SummaryViewController.xib */ = {isa = PBXFileReference; fileEncoding = 4; lastKnownFileType = file.xib; path = SummaryViewController.xib; sourceTree = "<group>"; };
		9CD660821B9202660051C485 /* avatarsDog.png */ = {isa = PBXFileReference; lastKnownFileType = image.png; path = avatarsDog.png; sourceTree = "<group>"; };
		9CD660841B92026D0051C485 /* danaAvatar.png */ = {isa = PBXFileReference; lastKnownFileType = image.png; path = danaAvatar.png; sourceTree = "<group>"; };
		9CD660861B9202740051C485 /* betsyAvatar.png */ = {isa = PBXFileReference; lastKnownFileType = image.png; path = betsyAvatar.png; sourceTree = "<group>"; };
		BB5BA17A836887E6A0323BC6 /* Pods.debug.xcconfig */ = {isa = PBXFileReference; includeInIndex = 1; lastKnownFileType = text.xcconfig; name = Pods.debug.xcconfig; path = "Pods/Target Support Files/Pods/Pods.debug.xcconfig"; sourceTree = "<group>"; };
		CEC3D01EEA4689AEBD9035E0 /* libPods.a */ = {isa = PBXFileReference; explicitFileType = archive.ar; includeInIndex = 0; path = libPods.a; sourceTree = BUILT_PRODUCTS_DIR; };
		D02356301B91CA940016ED9B /* createIcon.png */ = {isa = PBXFileReference; lastKnownFileType = image.png; path = createIcon.png; sourceTree = "<group>"; };
		D02356311B91CA940016ED9B /* historyIcon.png */ = {isa = PBXFileReference; lastKnownFileType = image.png; path = historyIcon.png; sourceTree = "<group>"; };
		D02356321B91CA940016ED9B /* homeIcon.png */ = {isa = PBXFileReference; lastKnownFileType = image.png; path = homeIcon.png; sourceTree = "<group>"; };
		D02356361B91D6400016ED9B /* avatarsPenguin.png */ = {isa = PBXFileReference; lastKnownFileType = image.png; path = avatarsPenguin.png; sourceTree = "<group>"; };
		D023563D1B92019E0016ED9B /* TaskTableViewCell.swift */ = {isa = PBXFileReference; fileEncoding = 4; lastKnownFileType = sourcecode.swift; path = TaskTableViewCell.swift; sourceTree = "<group>"; };
		D023563E1B92019E0016ED9B /* TaskTableViewCell.xib */ = {isa = PBXFileReference; fileEncoding = 4; lastKnownFileType = file.xib; path = TaskTableViewCell.xib; sourceTree = "<group>"; };
/* End PBXFileReference section */

/* Begin PBXFrameworksBuildPhase section */
		9CD660201B9170B50051C485 /* Frameworks */ = {
			isa = PBXFrameworksBuildPhase;
			buildActionMask = 2147483647;
			files = (
				880863B98D36B3416BB1229B /* libPods.a in Frameworks */,
			);
			runOnlyForDeploymentPostprocessing = 0;
		};
		9CD660351B9170B50051C485 /* Frameworks */ = {
			isa = PBXFrameworksBuildPhase;
			buildActionMask = 2147483647;
			files = (
			);
			runOnlyForDeploymentPostprocessing = 0;
		};
/* End PBXFrameworksBuildPhase section */

/* Begin PBXGroup section */
		9CD6601A1B9170B50051C485 = {
			isa = PBXGroup;
			children = (
				9CD660251B9170B50051C485 /* DevelopHerHack */,
				9CD6603B1B9170B50051C485 /* DevelopHerHackTests */,
				9CD660241B9170B50051C485 /* Products */,
				C82BA33B3C0E8F650C27D105 /* Pods */,
				C1EF208E77F13B060B7DBE66 /* Frameworks */,
			);
			sourceTree = "<group>";
		};
		9CD660241B9170B50051C485 /* Products */ = {
			isa = PBXGroup;
			children = (
				9CD660231B9170B50051C485 /* DevelopHerHack.app */,
				9CD660381B9170B50051C485 /* DevelopHerHackTests.xctest */,
			);
			name = Products;
			sourceTree = "<group>";
		};
		9CD660251B9170B50051C485 /* DevelopHerHack */ = {
			isa = PBXGroup;
			children = (
				D023562F1B91CA750016ED9B /* image */,
				9CD6606B1B91AAB70051C485 /* Headers */,
				9CD6604E1B91721A0051C485 /* Task */,
				9CD6604D1B91720B0051C485 /* CreateTask */,
				9CD6604C1B9172060051C485 /* MainPage */,
				9CD6604B1B9171FB0051C485 /* Login */,
				9CD660281B9170B50051C485 /* AppDelegate.swift */,
				9CD6602A1B9170B50051C485 /* ViewController.swift */,
				9CD6602C1B9170B50051C485 /* Main.storyboard */,
				9CD6602F1B9170B50051C485 /* Images.xcassets */,
				9CD660311B9170B50051C485 /* LaunchScreen.xib */,
				9CD660261B9170B50051C485 /* Supporting Files */,
				9CD660481B9171B40051C485 /* DevelopHerHack-Bridging-Header.h */,
			);
			path = DevelopHerHack;
			sourceTree = "<group>";
		};
		9CD660261B9170B50051C485 /* Supporting Files */ = {
			isa = PBXGroup;
			children = (
				9CD660271B9170B50051C485 /* Info.plist */,
			);
			name = "Supporting Files";
			sourceTree = "<group>";
		};
		9CD6603B1B9170B50051C485 /* DevelopHerHackTests */ = {
			isa = PBXGroup;
			children = (
				9CD6603E1B9170B50051C485 /* DevelopHerHackTests.swift */,
				9CD6603C1B9170B50051C485 /* Supporting Files */,
			);
			path = DevelopHerHackTests;
			sourceTree = "<group>";
		};
		9CD6603C1B9170B50051C485 /* Supporting Files */ = {
			isa = PBXGroup;
			children = (
				9CD6603D1B9170B50051C485 /* Info.plist */,
			);
			name = "Supporting Files";
			sourceTree = "<group>";
		};
		9CD6604B1B9171FB0051C485 /* Login */ = {
			isa = PBXGroup;
			children = (
				9CD660531B91735B0051C485 /* LoginViewController.swift */,
				9CD660541B91735B0051C485 /* LoginViewController.xib */,
				9CD660571B91773E0051C485 /* PickTypeViewController.swift */,
				9CD660581B91773E0051C485 /* PickTypeViewController.xib */,
			);
			name = Login;
			sourceTree = "<group>";
		};
		9CD6604C1B9172060051C485 /* MainPage */ = {
			isa = PBXGroup;
			children = (
				9CD6604F1B91730E0051C485 /* MainPageTableViewController.swift */,
				9CD6605B1B917B1C0051C485 /* MainPageTableViewCell.swift */,
				9CD6605C1B917B1C0051C485 /* MainPageTableViewCell.xib */,
				D023563D1B92019E0016ED9B /* TaskTableViewCell.swift */,
				D023563E1B92019E0016ED9B /* TaskTableViewCell.xib */,
			);
			name = MainPage;
			sourceTree = "<group>";
		};
		9CD6604D1B91720B0051C485 /* CreateTask */ = {
			isa = PBXGroup;
			children = (
				9CD660631B91A62F0051C485 /* CreateTaskViewController.swift */,
				9CD660641B91A62F0051C485 /* CreateTaskViewController.xib */,
				9CD660701B91C07E0051C485 /* AvatarViewController.swift */,
				9CD660711B91C07E0051C485 /* AvatarViewController.xib */,
				9CD6607A1B91C13E0051C485 /* DescriptionViewController.swift */,
				9CD6607B1B91C13E0051C485 /* DescriptionViewController.xib */,
				9CD660761B91C12D0051C485 /* MoneyViewController.swift */,
				9CD660771B91C12D0051C485 /* MoneyViewController.xib */,
				9CD6607E1B91C14C0051C485 /* SummaryViewController.swift */,
				9CD6607F1B91C14C0051C485 /* SummaryViewController.xib */,
			);
			name = CreateTask;
			sourceTree = "<group>";
		};
		9CD6604E1B91721A0051C485 /* Task */ = {
			isa = PBXGroup;
			children = (
				9CD660671B91A6D30051C485 /* TaskViewController.swift */,
				9CD660681B91A6D30051C485 /* TaskViewController.xib */,
			);
			name = Task;
			sourceTree = "<group>";
		};
		9CD6606B1B91AAB70051C485 /* Headers */ = {
			isa = PBXGroup;
			children = (
				9CD6606C1B91ABCB0051C485 /* CustomHeaderCell.swift */,
				9CD6606D1B91ABCB0051C485 /* CustomHeaderCell.xib */,
			);
			name = Headers;
			sourceTree = "<group>";
		};
		C1EF208E77F13B060B7DBE66 /* Frameworks */ = {
			isa = PBXGroup;
			children = (
				CEC3D01EEA4689AEBD9035E0 /* libPods.a */,
			);
			name = Frameworks;
			sourceTree = "<group>";
		};
		C82BA33B3C0E8F650C27D105 /* Pods */ = {
			isa = PBXGroup;
			children = (
				BB5BA17A836887E6A0323BC6 /* Pods.debug.xcconfig */,
				4C2B4ECCD6021EB7CD6D506C /* Pods.release.xcconfig */,
			);
			name = Pods;
			sourceTree = "<group>";
		};
		D023562F1B91CA750016ED9B /* image */ = {
			isa = PBXGroup;
			children = (
				9CD660861B9202740051C485 /* betsyAvatar.png */,
				9CD660841B92026D0051C485 /* danaAvatar.png */,
				9CD660821B9202660051C485 /* avatarsDog.png */,
				D02356361B91D6400016ED9B /* avatarsPenguin.png */,
				D02356301B91CA940016ED9B /* createIcon.png */,
				D02356311B91CA940016ED9B /* historyIcon.png */,
				D02356321B91CA940016ED9B /* homeIcon.png */,
			);
			name = image;
			sourceTree = "<group>";
		};
/* End PBXGroup section */

/* Begin PBXNativeTarget section */
		9CD660221B9170B50051C485 /* DevelopHerHack */ = {
			isa = PBXNativeTarget;
			buildConfigurationList = 9CD660421B9170B50051C485 /* Build configuration list for PBXNativeTarget "DevelopHerHack" */;
			buildPhases = (
				A6B8909411B0AB26225E5754 /* Check Pods Manifest.lock */,
				9CD6601F1B9170B50051C485 /* Sources */,
				9CD660201B9170B50051C485 /* Frameworks */,
				9CD660211B9170B50051C485 /* Resources */,
				6961E8C88F2F86C1C147BB6B /* Copy Pods Resources */,
			);
			buildRules = (
			);
			dependencies = (
			);
			name = DevelopHerHack;
			productName = DevelopHerHack;
			productReference = 9CD660231B9170B50051C485 /* DevelopHerHack.app */;
			productType = "com.apple.product-type.application";
		};
		9CD660371B9170B50051C485 /* DevelopHerHackTests */ = {
			isa = PBXNativeTarget;
			buildConfigurationList = 9CD660451B9170B50051C485 /* Build configuration list for PBXNativeTarget "DevelopHerHackTests" */;
			buildPhases = (
				9CD660341B9170B50051C485 /* Sources */,
				9CD660351B9170B50051C485 /* Frameworks */,
				9CD660361B9170B50051C485 /* Resources */,
			);
			buildRules = (
			);
			dependencies = (
				9CD6603A1B9170B50051C485 /* PBXTargetDependency */,
			);
			name = DevelopHerHackTests;
			productName = DevelopHerHackTests;
			productReference = 9CD660381B9170B50051C485 /* DevelopHerHackTests.xctest */;
			productType = "com.apple.product-type.bundle.unit-test";
		};
/* End PBXNativeTarget section */

/* Begin PBXProject section */
		9CD6601B1B9170B50051C485 /* Project object */ = {
			isa = PBXProject;
			attributes = {
				LastUpgradeCheck = 0640;
				ORGANIZATIONNAME = danamun;
				TargetAttributes = {
					9CD660221B9170B50051C485 = {
						CreatedOnToolsVersion = 6.4;
					};
					9CD660371B9170B50051C485 = {
						CreatedOnToolsVersion = 6.4;
						TestTargetID = 9CD660221B9170B50051C485;
					};
				};
			};
			buildConfigurationList = 9CD6601E1B9170B50051C485 /* Build configuration list for PBXProject "DevelopHerHack" */;
			compatibilityVersion = "Xcode 3.2";
			developmentRegion = English;
			hasScannedForEncodings = 0;
			knownRegions = (
				en,
				Base,
			);
			mainGroup = 9CD6601A1B9170B50051C485;
			productRefGroup = 9CD660241B9170B50051C485 /* Products */;
			projectDirPath = "";
			projectRoot = "";
			targets = (
				9CD660221B9170B50051C485 /* DevelopHerHack */,
				9CD660371B9170B50051C485 /* DevelopHerHackTests */,
			);
		};
/* End PBXProject section */

/* Begin PBXResourcesBuildPhase section */
		9CD660211B9170B50051C485 /* Resources */ = {
			isa = PBXResourcesBuildPhase;
			buildActionMask = 2147483647;
			files = (
				D02356341B91CA940016ED9B /* historyIcon.png in Resources */,
				D02356351B91CA940016ED9B /* homeIcon.png in Resources */,
				9CD660561B91735B0051C485 /* LoginViewController.xib in Resources */,
				9CD6606A1B91A6D30051C485 /* TaskViewController.xib in Resources */,
				9CD6602E1B9170B50051C485 /* Main.storyboard in Resources */,
				9CD660811B91C14C0051C485 /* SummaryViewController.xib in Resources */,
				D02356401B92019E0016ED9B /* TaskTableViewCell.xib in Resources */,
				9CD6606F1B91ABCB0051C485 /* CustomHeaderCell.xib in Resources */,
				9CD6605E1B917B1C0051C485 /* MainPageTableViewCell.xib in Resources */,
				9CD660731B91C07E0051C485 /* AvatarViewController.xib in Resources */,
				9CD660791B91C12D0051C485 /* MoneyViewController.xib in Resources */,
				9CD660661B91A62F0051C485 /* CreateTaskViewController.xib in Resources */,
				D02356371B91D6400016ED9B /* avatarsPenguin.png in Resources */,
				9CD6605A1B91773E0051C485 /* PickTypeViewController.xib in Resources */,
				D02356331B91CA940016ED9B /* createIcon.png in Resources */,
				9CD6607D1B91C13E0051C485 /* DescriptionViewController.xib in Resources */,
				9CD660831B9202660051C485 /* avatarsDog.png in Resources */,
				9CD660871B9202740051C485 /* betsyAvatar.png in Resources */,
				9CD660851B92026D0051C485 /* danaAvatar.png in Resources */,
				9CD660331B9170B50051C485 /* LaunchScreen.xib in Resources */,
				9CD660301B9170B50051C485 /* Images.xcassets in Resources */,
			);
			runOnlyForDeploymentPostprocessing = 0;
		};
		9CD660361B9170B50051C485 /* Resources */ = {
			isa = PBXResourcesBuildPhase;
			buildActionMask = 2147483647;
			files = (
			);
			runOnlyForDeploymentPostprocessing = 0;
		};
/* End PBXResourcesBuildPhase section */

/* Begin PBXShellScriptBuildPhase section */
		6961E8C88F2F86C1C147BB6B /* Copy Pods Resources */ = {
			isa = PBXShellScriptBuildPhase;
			buildActionMask = 2147483647;
			files = (
			);
			inputPaths = (
			);
			name = "Copy Pods Resources";
			outputPaths = (
			);
			runOnlyForDeploymentPostprocessing = 0;
			shellPath = /bin/sh;
			shellScript = "\"${SRCROOT}/Pods/Target Support Files/Pods/Pods-resources.sh\"\n";
			showEnvVarsInLog = 0;
		};
		A6B8909411B0AB26225E5754 /* Check Pods Manifest.lock */ = {
			isa = PBXShellScriptBuildPhase;
			buildActionMask = 2147483647;
			files = (
			);
			inputPaths = (
			);
			name = "Check Pods Manifest.lock";
			outputPaths = (
			);
			runOnlyForDeploymentPostprocessing = 0;
			shellPath = /bin/sh;
			shellScript = "diff \"${PODS_ROOT}/../Podfile.lock\" \"${PODS_ROOT}/Manifest.lock\" > /dev/null\nif [[ $? != 0 ]] ; then\n    cat << EOM\nerror: The sandbox is not in sync with the Podfile.lock. Run 'pod install' or update your CocoaPods installation.\nEOM\n    exit 1\nfi\n";
			showEnvVarsInLog = 0;
		};
/* End PBXShellScriptBuildPhase section */

/* Begin PBXSourcesBuildPhase section */
		9CD6601F1B9170B50051C485 /* Sources */ = {
			isa = PBXSourcesBuildPhase;
			buildActionMask = 2147483647;
			files = (
				D023563F1B92019E0016ED9B /* TaskTableViewCell.swift in Sources */,
				9CD660551B91735B0051C485 /* LoginViewController.swift in Sources */,
				9CD660801B91C14C0051C485 /* SummaryViewController.swift in Sources */,
				9CD6606E1B91ABCB0051C485 /* CustomHeaderCell.swift in Sources */,
				9CD660511B91730E0051C485 /* MainPageTableViewController.swift in Sources */,
				9CD660781B91C12D0051C485 /* MoneyViewController.swift in Sources */,
				9CD6602B1B9170B50051C485 /* ViewController.swift in Sources */,
				9CD660591B91773E0051C485 /* PickTypeViewController.swift in Sources */,
				9CD660721B91C07E0051C485 /* AvatarViewController.swift in Sources */,
				9CD660291B9170B50051C485 /* AppDelegate.swift in Sources */,
				9CD660691B91A6D30051C485 /* TaskViewController.swift in Sources */,
				9CD6607C1B91C13E0051C485 /* DescriptionViewController.swift in Sources */,
				9CD6605D1B917B1C0051C485 /* MainPageTableViewCell.swift in Sources */,
				9CD660651B91A62F0051C485 /* CreateTaskViewController.swift in Sources */,
			);
			runOnlyForDeploymentPostprocessing = 0;
		};
		9CD660341B9170B50051C485 /* Sources */ = {
			isa = PBXSourcesBuildPhase;
			buildActionMask = 2147483647;
			files = (
				9CD6603F1B9170B50051C485 /* DevelopHerHackTests.swift in Sources */,
			);
			runOnlyForDeploymentPostprocessing = 0;
		};
/* End PBXSourcesBuildPhase section */

/* Begin PBXTargetDependency section */
		9CD6603A1B9170B50051C485 /* PBXTargetDependency */ = {
			isa = PBXTargetDependency;
			target = 9CD660221B9170B50051C485 /* DevelopHerHack */;
			targetProxy = 9CD660391B9170B50051C485 /* PBXContainerItemProxy */;
		};
/* End PBXTargetDependency section */

/* Begin PBXVariantGroup section */
		9CD6602C1B9170B50051C485 /* Main.storyboard */ = {
			isa = PBXVariantGroup;
			children = (
				9CD6602D1B9170B50051C485 /* Base */,
			);
			name = Main.storyboard;
			sourceTree = "<group>";
		};
		9CD660311B9170B50051C485 /* LaunchScreen.xib */ = {
			isa = PBXVariantGroup;
			children = (
				9CD660321B9170B50051C485 /* Base */,
			);
			name = LaunchScreen.xib;
			sourceTree = "<group>";
		};
/* End PBXVariantGroup section */

/* Begin XCBuildConfiguration section */
		9CD660401B9170B50051C485 /* Debug */ = {
			isa = XCBuildConfiguration;
			buildSettings = {
				ALWAYS_SEARCH_USER_PATHS = NO;
				CLANG_CXX_LANGUAGE_STANDARD = "gnu++0x";
				CLANG_CXX_LIBRARY = "libc++";
				CLANG_ENABLE_MODULES = YES;
				CLANG_ENABLE_OBJC_ARC = YES;
				CLANG_WARN_BOOL_CONVERSION = YES;
				CLANG_WARN_CONSTANT_CONVERSION = YES;
				CLANG_WARN_DIRECT_OBJC_ISA_USAGE = YES_ERROR;
				CLANG_WARN_EMPTY_BODY = YES;
				CLANG_WARN_ENUM_CONVERSION = YES;
				CLANG_WARN_INT_CONVERSION = YES;
				CLANG_WARN_OBJC_ROOT_CLASS = YES_ERROR;
				CLANG_WARN_UNREACHABLE_CODE = YES;
				CLANG_WARN__DUPLICATE_METHOD_MATCH = YES;
				"CODE_SIGN_IDENTITY[sdk=iphoneos*]" = "iPhone Developer";
				COPY_PHASE_STRIP = NO;
				DEBUG_INFORMATION_FORMAT = "dwarf-with-dsym";
				ENABLE_STRICT_OBJC_MSGSEND = YES;
				GCC_C_LANGUAGE_STANDARD = gnu99;
				GCC_DYNAMIC_NO_PIC = NO;
				GCC_NO_COMMON_BLOCKS = YES;
				GCC_OPTIMIZATION_LEVEL = 0;
				GCC_PREPROCESSOR_DEFINITIONS = (
					"DEBUG=1",
					"$(inherited)",
				);
				GCC_SYMBOLS_PRIVATE_EXTERN = NO;
				GCC_WARN_64_TO_32_BIT_CONVERSION = YES;
				GCC_WARN_ABOUT_RETURN_TYPE = YES_ERROR;
				GCC_WARN_UNDECLARED_SELECTOR = YES;
				GCC_WARN_UNINITIALIZED_AUTOS = YES_AGGRESSIVE;
				GCC_WARN_UNUSED_FUNCTION = YES;
				GCC_WARN_UNUSED_VARIABLE = YES;
				IPHONEOS_DEPLOYMENT_TARGET = 8.4;
				MTL_ENABLE_DEBUG_INFO = YES;
				ONLY_ACTIVE_ARCH = YES;
				SDKROOT = iphoneos;
				SWIFT_OPTIMIZATION_LEVEL = "-Onone";
			};
			name = Debug;
		};
		9CD660411B9170B50051C485 /* Release */ = {
			isa = XCBuildConfiguration;
			buildSettings = {
				ALWAYS_SEARCH_USER_PATHS = NO;
				CLANG_CXX_LANGUAGE_STANDARD = "gnu++0x";
				CLANG_CXX_LIBRARY = "libc++";
				CLANG_ENABLE_MODULES = YES;
				CLANG_ENABLE_OBJC_ARC = YES;
				CLANG_WARN_BOOL_CONVERSION = YES;
				CLANG_WARN_CONSTANT_CONVERSION = YES;
				CLANG_WARN_DIRECT_OBJC_ISA_USAGE = YES_ERROR;
				CLANG_WARN_EMPTY_BODY = YES;
				CLANG_WARN_ENUM_CONVERSION = YES;
				CLANG_WARN_INT_CONVERSION = YES;
				CLANG_WARN_OBJC_ROOT_CLASS = YES_ERROR;
				CLANG_WARN_UNREACHABLE_CODE = YES;
				CLANG_WARN__DUPLICATE_METHOD_MATCH = YES;
				"CODE_SIGN_IDENTITY[sdk=iphoneos*]" = "iPhone Developer";
				COPY_PHASE_STRIP = NO;
				DEBUG_INFORMATION_FORMAT = "dwarf-with-dsym";
				ENABLE_NS_ASSERTIONS = NO;
				ENABLE_STRICT_OBJC_MSGSEND = YES;
				GCC_C_LANGUAGE_STANDARD = gnu99;
				GCC_NO_COMMON_BLOCKS = YES;
				GCC_WARN_64_TO_32_BIT_CONVERSION = YES;
				GCC_WARN_ABOUT_RETURN_TYPE = YES_ERROR;
				GCC_WARN_UNDECLARED_SELECTOR = YES;
				GCC_WARN_UNINITIALIZED_AUTOS = YES_AGGRESSIVE;
				GCC_WARN_UNUSED_FUNCTION = YES;
				GCC_WARN_UNUSED_VARIABLE = YES;
				IPHONEOS_DEPLOYMENT_TARGET = 8.4;
				MTL_ENABLE_DEBUG_INFO = NO;
				SDKROOT = iphoneos;
				VALIDATE_PRODUCT = YES;
			};
			name = Release;
		};
		9CD660431B9170B50051C485 /* Debug */ = {
			isa = XCBuildConfiguration;
			baseConfigurationReference = BB5BA17A836887E6A0323BC6 /* Pods.debug.xcconfig */;
			buildSettings = {
				ASSETCATALOG_COMPILER_APPICON_NAME = AppIcon;
				CLANG_ENABLE_MODULES = YES;
				INFOPLIST_FILE = DevelopHerHack/Info.plist;
				IPHONEOS_DEPLOYMENT_TARGET = 8.4;
				LD_RUNPATH_SEARCH_PATHS = "$(inherited) @executable_path/Frameworks";
				PRODUCT_NAME = "$(TARGET_NAME)";
				SWIFT_OBJC_BRIDGING_HEADER = "DevelopHerHack/DevelopHerHack-Bridging-Header.h";
				SWIFT_OPTIMIZATION_LEVEL = "-Onone";
			};
			name = Debug;
		};
		9CD660441B9170B50051C485 /* Release */ = {
			isa = XCBuildConfiguration;
			baseConfigurationReference = 4C2B4ECCD6021EB7CD6D506C /* Pods.release.xcconfig */;
			buildSettings = {
				ASSETCATALOG_COMPILER_APPICON_NAME = AppIcon;
				CLANG_ENABLE_MODULES = YES;
				INFOPLIST_FILE = DevelopHerHack/Info.plist;
				IPHONEOS_DEPLOYMENT_TARGET = 8.4;
				LD_RUNPATH_SEARCH_PATHS = "$(inherited) @executable_path/Frameworks";
				PRODUCT_NAME = "$(TARGET_NAME)";
				SWIFT_OBJC_BRIDGING_HEADER = "DevelopHerHack/DevelopHerHack-Bridging-Header.h";
			};
			name = Release;
		};
		9CD660461B9170B50051C485 /* Debug */ = {
			isa = XCBuildConfiguration;
			buildSettings = {
				BUNDLE_LOADER = "$(TEST_HOST)";
				FRAMEWORK_SEARCH_PATHS = (
					"$(SDKROOT)/Developer/Library/Frameworks",
					"$(inherited)",
				);
				GCC_PREPROCESSOR_DEFINITIONS = (
					"DEBUG=1",
					"$(inherited)",
				);
				INFOPLIST_FILE = DevelopHerHackTests/Info.plist;
				LD_RUNPATH_SEARCH_PATHS = "$(inherited) @executable_path/Frameworks @loader_path/Frameworks";
				PRODUCT_NAME = "$(TARGET_NAME)";
				TEST_HOST = "$(BUILT_PRODUCTS_DIR)/DevelopHerHack.app/DevelopHerHack";
			};
			name = Debug;
		};
		9CD660471B9170B50051C485 /* Release */ = {
			isa = XCBuildConfiguration;
			buildSettings = {
				BUNDLE_LOADER = "$(TEST_HOST)";
				FRAMEWORK_SEARCH_PATHS = (
					"$(SDKROOT)/Developer/Library/Frameworks",
					"$(inherited)",
				);
				INFOPLIST_FILE = DevelopHerHackTests/Info.plist;
				LD_RUNPATH_SEARCH_PATHS = "$(inherited) @executable_path/Frameworks @loader_path/Frameworks";
				PRODUCT_NAME = "$(TARGET_NAME)";
				TEST_HOST = "$(BUILT_PRODUCTS_DIR)/DevelopHerHack.app/DevelopHerHack";
			};
			name = Release;
		};
/* End XCBuildConfiguration section */

/* Begin XCConfigurationList section */
		9CD6601E1B9170B50051C485 /* Build configuration list for PBXProject "DevelopHerHack" */ = {
			isa = XCConfigurationList;
			buildConfigurations = (
				9CD660401B9170B50051C485 /* Debug */,
				9CD660411B9170B50051C485 /* Release */,
			);
			defaultConfigurationIsVisible = 0;
			defaultConfigurationName = Release;
		};
		9CD660421B9170B50051C485 /* Build configuration list for PBXNativeTarget "DevelopHerHack" */ = {
			isa = XCConfigurationList;
			buildConfigurations = (
				9CD660431B9170B50051C485 /* Debug */,
				9CD660441B9170B50051C485 /* Release */,
			);
			defaultConfigurationIsVisible = 0;
			defaultConfigurationName = Release;
		};
		9CD660451B9170B50051C485 /* Build configuration list for PBXNativeTarget "DevelopHerHackTests" */ = {
			isa = XCConfigurationList;
			buildConfigurations = (
				9CD660461B9170B50051C485 /* Debug */,
				9CD660471B9170B50051C485 /* Release */,
			);
			defaultConfigurationIsVisible = 0;
			defaultConfigurationName = Release;
		};
/* End XCConfigurationList section */
	};
	rootObject = 9CD6601B1B9170B50051C485 /* Project object */;
}
